PODS:
  - Alamofire (4.0.1)
  - GZIP (1.1.1)
  - LNRSimpleNotifications (0.5.3)
  - MapleBacon (3.0.1)
  - MarqueeLabel (3.0.1):
    - MarqueeLabel/ObjC (= 3.0.1)
  - MarqueeLabel/ObjC (3.0.1)
  - MGSwipeTableCell (1.5.6)
  - Pushwoosh (4.2.0)
  - SVPulsingAnnotationView (0.3.0)
  - SwiftGen (3.0.0)
  - SwiftSpinner (1.0.2)
  - SWXMLHash (3.0.2)
  - VTAcknowledgementsViewController (1.2)

DEPENDENCIES:
  - Alamofire
  - GZIP
  - LNRSimpleNotifications
  - MapleBacon
  - MarqueeLabel
  - MGSwipeTableCell
  - Pushwoosh
  - SVPulsingAnnotationView
  - SwiftGen
  - SwiftSpinner
  - SWXMLHash
  - VTAcknowledgementsViewController

SPEC CHECKSUMS:
  Alamofire: 7682d43245de14874acd142ec137b144aa1dd335
  GZIP: f8beb59597f651e6970a45b816508a9c6d700b77
  LNRSimpleNotifications: 13aa05e2f65ccf196f736def89178007f30a5182
  MapleBacon: 8fb0c45a0f147049ad49af6b36ac04a649baa74d
  MarqueeLabel: 80ba85d2b76a9f5fa6c13de337db80bcd94feb1d
  MGSwipeTableCell: 616700eb0ffd1c611ba909066cb7fd739790a0a7
  Pushwoosh: fb67da969b9e3e3ffb020ec302ab541984bbb81b
  SVPulsingAnnotationView: f1a8dc7a57ebb5fa231d0ef8b0da59a250005511
  SwiftGen: f679cd0ed4173a5da3b01efd0da23542bf82f6ab
  SwiftSpinner: 1c80ff6ea1c47e2faa1dfce0fcd5e6b39a47fd51
  SWXMLHash: e0f6935971f01b06fb228cf435510d998ecde647
  VTAcknowledgementsViewController: 62d2b3979b6d86677246967cf880d14b13ee7ac4

PODFILE CHECKSUM: 5b04d3729f6d0d0d6fe7ea0335abc033a41799b0

COCOAPODS: 1.1.1
