PODS:
  - FBAnnotationClusteringSwift (1.0.1)
  - Pushwoosh (3.1.2)
  - SVPulsingAnnotationView (0.3.0)
  - SwiftGen (0.8.0)

DEPENDENCIES:
  - FBAnnotationClusteringSwift
  - Pushwoosh (~> 3.1.2)
  - SVPulsingAnnotationView (~> 0.3.0)
  - SwiftGen

SPEC CHECKSUMS:
  FBAnnotationClusteringSwift: a1f4c07f5472b13acd69de04c61e68e2d7daaad3
  Pushwoosh: 9812736e39e5d2503408ed919ca2948f5d92f5b5
  SVPulsingAnnotationView: f1a8dc7a57ebb5fa231d0ef8b0da59a250005511
  SwiftGen: d27095418addd706b18da94bc8d9552e8d8148c3

COCOAPODS: 0.39.0
