// !$*UTF8*$!
{
	archiveVersion = 1;
	classes = {
	};
	objectVersion = 46;
	objects = {

/* Begin PBXBuildFile section */
		39189F401CB4486900A64E5E /* img_ic_accueil_bt_1.png in Resources */ = {isa = PBXBuildFile; fileRef = 39189F3E1CB4486900A64E5E /* img_ic_accueil_bt_1.png */; };
		39189F411CB4486900A64E5E /* img_ic_accueil_bt_2.png in Resources */ = {isa = PBXBuildFile; fileRef = 39189F3F1CB4486900A64E5E /* img_ic_accueil_bt_2.png */; };
		39189F441CB45BBE00A64E5E /* img_gluten_free_off_white.png in Resources */ = {isa = PBXBuildFile; fileRef = 39189F421CB45BBE00A64E5E /* img_gluten_free_off_white.png */; };
		39189F451CB45BBE00A64E5E /* img_vegan_off_white.png in Resources */ = {isa = PBXBuildFile; fileRef = 39189F431CB45BBE00A64E5E /* img_vegan_off_white.png */; };
		39189F481CB4E74E00A64E5E /* img_bt_share.png in Resources */ = {isa = PBXBuildFile; fileRef = 39189F461CB4E74E00A64E5E /* img_bt_share.png */; };
		39189F491CB4E74E00A64E5E /* img_bt_back.png in Resources */ = {isa = PBXBuildFile; fileRef = 39189F471CB4E74E00A64E5E /* img_bt_back.png */; };
		396BD9751CAE62670071DF07 /* DetailRestaurantViewController.swift in Sources */ = {isa = PBXBuildFile; fileRef = 396BD9741CAE62670071DF07 /* DetailRestaurantViewController.swift */; };
		396BD9771CAEB7610071DF07 /* icon_1024.png in Resources */ = {isa = PBXBuildFile; fileRef = 396BD9761CAEB7610071DF07 /* icon_1024.png */; };
		396BD97E1CAEB8410071DF07 /* Constantes.swift in Sources */ = {isa = PBXBuildFile; fileRef = 396BD97D1CAEB8410071DF07 /* Constantes.swift */; };
		396BD9801CAEB8640071DF07 /* ColorExtension.swift in Sources */ = {isa = PBXBuildFile; fileRef = 396BD97F1CAEB8640071DF07 /* ColorExtension.swift */; };
		396BD9861CB2A5C70071DF07 /* img_gluten_free_off.png in Resources */ = {isa = PBXBuildFile; fileRef = 396BD9821CB2A5C70071DF07 /* img_gluten_free_off.png */; };
		396BD9871CB2A5C70071DF07 /* img_gluten_free_on.png in Resources */ = {isa = PBXBuildFile; fileRef = 396BD9831CB2A5C70071DF07 /* img_gluten_free_on.png */; };
		396BD9881CB2A5C70071DF07 /* img_vegan_off.png in Resources */ = {isa = PBXBuildFile; fileRef = 396BD9841CB2A5C70071DF07 /* img_vegan_off.png */; };
		396BD9891CB2A5C70071DF07 /* img_vegan_on.png in Resources */ = {isa = PBXBuildFile; fileRef = 396BD9851CB2A5C70071DF07 /* img_vegan_on.png */; };
		396BD98B1CB2AA870071DF07 /* img_header.png in Resources */ = {isa = PBXBuildFile; fileRef = 396BD98A1CB2AA870071DF07 /* img_header.png */; };
		396BD9901CB312DC0071DF07 /* img_ic_phone.png in Resources */ = {isa = PBXBuildFile; fileRef = 396BD98C1CB312DC0071DF07 /* img_ic_phone.png */; };
		396BD9911CB312DC0071DF07 /* img_ic_maps.png in Resources */ = {isa = PBXBuildFile; fileRef = 396BD98D1CB312DC0071DF07 /* img_ic_maps.png */; };
		396BD9921CB312DC0071DF07 /* img_ic_more.png in Resources */ = {isa = PBXBuildFile; fileRef = 396BD98E1CB312DC0071DF07 /* img_ic_more.png */; };
		396BD9931CB312DC0071DF07 /* img_ic_network.png in Resources */ = {isa = PBXBuildFile; fileRef = 396BD98F1CB312DC0071DF07 /* img_ic_network.png */; };
		3978B2751CAC087A00D82040 /* libz.tbd in Frameworks */ = {isa = PBXBuildFile; fileRef = 3978B2741CAC087A00D82040 /* libz.tbd */; };
		3978B2771CAC088400D82040 /* libstdc++.tbd in Frameworks */ = {isa = PBXBuildFile; fileRef = 3978B2761CAC088400D82040 /* libstdc++.tbd */; };
		39848B081CB4231300D718FD /* NavigationAccueilViewController.swift in Sources */ = {isa = PBXBuildFile; fileRef = 39848B071CB4231300D718FD /* NavigationAccueilViewController.swift */; };
		39968D3F1CABFFBB0085C61F /* AppDelegate.swift in Sources */ = {isa = PBXBuildFile; fileRef = 39968D3E1CABFFBB0085C61F /* AppDelegate.swift */; };
		39968D441CABFFBB0085C61F /* Main.storyboard in Resources */ = {isa = PBXBuildFile; fileRef = 39968D421CABFFBB0085C61F /* Main.storyboard */; };
		39968D471CABFFBB0085C61F /* VegoResto.xcdatamodeld in Sources */ = {isa = PBXBuildFile; fileRef = 39968D451CABFFBB0085C61F /* VegoResto.xcdatamodeld */; };
		39968D491CABFFBB0085C61F /* Assets.xcassets in Resources */ = {isa = PBXBuildFile; fileRef = 39968D481CABFFBB0085C61F /* Assets.xcassets */; };
		39968D4C1CABFFBB0085C61F /* LaunchScreen.storyboard in Resources */ = {isa = PBXBuildFile; fileRef = 39968D4A1CABFFBB0085C61F /* LaunchScreen.storyboard */; };
		39EC7FF01CAC0E15002AD862 /* MapsViewController.swift in Sources */ = {isa = PBXBuildFile; fileRef = 39EC7FEF1CAC0E15002AD862 /* MapsViewController.swift */; };
		39EC7FF21CAC0EAF002AD862 /* MapKit.framework in Frameworks */ = {isa = PBXBuildFile; fileRef = 39EC7FF11CAC0EAF002AD862 /* MapKit.framework */; };
		39EC7FF41CAC1F69002AD862 /* restaurants.json in Resources */ = {isa = PBXBuildFile; fileRef = 39EC7FF31CAC1F69002AD862 /* restaurants.json */; };
		39EC7FF61CAC1F9F002AD862 /* UserData.swift in Sources */ = {isa = PBXBuildFile; fileRef = 39EC7FF51CAC1F9F002AD862 /* UserData.swift */; };
		39EC7FFB1CAC223C002AD862 /* Tag+CoreDataProperties.swift in Sources */ = {isa = PBXBuildFile; fileRef = 39EC7FF71CAC223C002AD862 /* Tag+CoreDataProperties.swift */; };
		39EC7FFC1CAC223C002AD862 /* Tag.swift in Sources */ = {isa = PBXBuildFile; fileRef = 39EC7FF81CAC223C002AD862 /* Tag.swift */; };
		39EC7FFD1CAC223C002AD862 /* Restaurant+CoreDataProperties.swift in Sources */ = {isa = PBXBuildFile; fileRef = 39EC7FF91CAC223C002AD862 /* Restaurant+CoreDataProperties.swift */; };
		39EC7FFE1CAC223C002AD862 /* Restaurant.swift in Sources */ = {isa = PBXBuildFile; fileRef = 39EC7FFA1CAC223C002AD862 /* Restaurant.swift */; };
		39EC80041CAC4787002AD862 /* RechercheViewController.swift in Sources */ = {isa = PBXBuildFile; fileRef = 39EC80031CAC4787002AD862 /* RechercheViewController.swift */; };
		39EC80061CAD5ED2002AD862 /* RestaurantAnnotation.swift in Sources */ = {isa = PBXBuildFile; fileRef = 39EC80051CAD5ED2002AD862 /* RestaurantAnnotation.swift */; };
		B9C69EA0EB7D4900CB10A0BF /* Pods_VegoResto.framework in Frameworks */ = {isa = PBXBuildFile; fileRef = 3E1CAC8B923C643DB750F0E8 /* Pods_VegoResto.framework */; };
/* End PBXBuildFile section */

/* Begin PBXFileReference section */
		39189F3E1CB4486900A64E5E /* img_ic_accueil_bt_1.png */ = {isa = PBXFileReference; lastKnownFileType = image.png; path = img_ic_accueil_bt_1.png; sourceTree = "<group>"; };
		39189F3F1CB4486900A64E5E /* img_ic_accueil_bt_2.png */ = {isa = PBXFileReference; lastKnownFileType = image.png; path = img_ic_accueil_bt_2.png; sourceTree = "<group>"; };
		39189F421CB45BBE00A64E5E /* img_gluten_free_off_white.png */ = {isa = PBXFileReference; lastKnownFileType = image.png; path = img_gluten_free_off_white.png; sourceTree = "<group>"; };
		39189F431CB45BBE00A64E5E /* img_vegan_off_white.png */ = {isa = PBXFileReference; lastKnownFileType = image.png; path = img_vegan_off_white.png; sourceTree = "<group>"; };
		39189F461CB4E74E00A64E5E /* img_bt_share.png */ = {isa = PBXFileReference; lastKnownFileType = image.png; path = img_bt_share.png; sourceTree = "<group>"; };
		39189F471CB4E74E00A64E5E /* img_bt_back.png */ = {isa = PBXFileReference; lastKnownFileType = image.png; path = img_bt_back.png; sourceTree = "<group>"; };
		396BD9741CAE62670071DF07 /* DetailRestaurantViewController.swift */ = {isa = PBXFileReference; fileEncoding = 4; lastKnownFileType = sourcecode.swift; path = DetailRestaurantViewController.swift; sourceTree = "<group>"; };
		396BD9761CAEB7610071DF07 /* icon_1024.png */ = {isa = PBXFileReference; lastKnownFileType = image.png; path = icon_1024.png; sourceTree = "<group>"; };
		396BD97D1CAEB8410071DF07 /* Constantes.swift */ = {isa = PBXFileReference; fileEncoding = 4; lastKnownFileType = sourcecode.swift; path = Constantes.swift; sourceTree = "<group>"; };
		396BD97F1CAEB8640071DF07 /* ColorExtension.swift */ = {isa = PBXFileReference; fileEncoding = 4; lastKnownFileType = sourcecode.swift; path = ColorExtension.swift; sourceTree = "<group>"; };
		396BD9821CB2A5C70071DF07 /* img_gluten_free_off.png */ = {isa = PBXFileReference; lastKnownFileType = image.png; path = img_gluten_free_off.png; sourceTree = "<group>"; };
		396BD9831CB2A5C70071DF07 /* img_gluten_free_on.png */ = {isa = PBXFileReference; lastKnownFileType = image.png; path = img_gluten_free_on.png; sourceTree = "<group>"; };
		396BD9841CB2A5C70071DF07 /* img_vegan_off.png */ = {isa = PBXFileReference; lastKnownFileType = image.png; path = img_vegan_off.png; sourceTree = "<group>"; };
		396BD9851CB2A5C70071DF07 /* img_vegan_on.png */ = {isa = PBXFileReference; lastKnownFileType = image.png; path = img_vegan_on.png; sourceTree = "<group>"; };
		396BD98A1CB2AA870071DF07 /* img_header.png */ = {isa = PBXFileReference; lastKnownFileType = image.png; path = img_header.png; sourceTree = "<group>"; };
		396BD98C1CB312DC0071DF07 /* img_ic_phone.png */ = {isa = PBXFileReference; lastKnownFileType = image.png; path = img_ic_phone.png; sourceTree = "<group>"; };
		396BD98D1CB312DC0071DF07 /* img_ic_maps.png */ = {isa = PBXFileReference; lastKnownFileType = image.png; path = img_ic_maps.png; sourceTree = "<group>"; };
		396BD98E1CB312DC0071DF07 /* img_ic_more.png */ = {isa = PBXFileReference; lastKnownFileType = image.png; path = img_ic_more.png; sourceTree = "<group>"; };
		396BD98F1CB312DC0071DF07 /* img_ic_network.png */ = {isa = PBXFileReference; lastKnownFileType = image.png; path = img_ic_network.png; sourceTree = "<group>"; };
		3978B2741CAC087A00D82040 /* libz.tbd */ = {isa = PBXFileReference; lastKnownFileType = "sourcecode.text-based-dylib-definition"; name = libz.tbd; path = usr/lib/libz.tbd; sourceTree = SDKROOT; };
		3978B2761CAC088400D82040 /* libstdc++.tbd */ = {isa = PBXFileReference; lastKnownFileType = "sourcecode.text-based-dylib-definition"; name = "libstdc++.tbd"; path = "usr/lib/libstdc++.tbd"; sourceTree = SDKROOT; };
		39848B071CB4231300D718FD /* NavigationAccueilViewController.swift */ = {isa = PBXFileReference; fileEncoding = 4; lastKnownFileType = sourcecode.swift; path = NavigationAccueilViewController.swift; sourceTree = "<group>"; };
		39968D3B1CABFFBA0085C61F /* VegoResto.app */ = {isa = PBXFileReference; explicitFileType = wrapper.application; includeInIndex = 0; path = VegoResto.app; sourceTree = BUILT_PRODUCTS_DIR; };
		39968D3E1CABFFBB0085C61F /* AppDelegate.swift */ = {isa = PBXFileReference; lastKnownFileType = sourcecode.swift; path = AppDelegate.swift; sourceTree = "<group>"; };
		39968D431CABFFBB0085C61F /* Base */ = {isa = PBXFileReference; lastKnownFileType = file.storyboard; name = Base; path = Base.lproj/Main.storyboard; sourceTree = "<group>"; };
		39968D461CABFFBB0085C61F /* VegoResto.xcdatamodel */ = {isa = PBXFileReference; lastKnownFileType = wrapper.xcdatamodel; path = VegoResto.xcdatamodel; sourceTree = "<group>"; };
		39968D481CABFFBB0085C61F /* Assets.xcassets */ = {isa = PBXFileReference; lastKnownFileType = folder.assetcatalog; path = Assets.xcassets; sourceTree = "<group>"; };
		39968D4B1CABFFBB0085C61F /* Base */ = {isa = PBXFileReference; lastKnownFileType = file.storyboard; name = Base; path = Base.lproj/LaunchScreen.storyboard; sourceTree = "<group>"; };
		39968D4D1CABFFBB0085C61F /* Info.plist */ = {isa = PBXFileReference; lastKnownFileType = text.plist.xml; path = Info.plist; sourceTree = "<group>"; };
		39EC7FEF1CAC0E15002AD862 /* MapsViewController.swift */ = {isa = PBXFileReference; fileEncoding = 4; lastKnownFileType = sourcecode.swift; path = MapsViewController.swift; sourceTree = "<group>"; };
		39EC7FF11CAC0EAF002AD862 /* MapKit.framework */ = {isa = PBXFileReference; lastKnownFileType = wrapper.framework; name = MapKit.framework; path = System/Library/Frameworks/MapKit.framework; sourceTree = SDKROOT; };
		39EC7FF31CAC1F69002AD862 /* restaurants.json */ = {isa = PBXFileReference; fileEncoding = 4; lastKnownFileType = text.json; path = restaurants.json; sourceTree = "<group>"; };
		39EC7FF51CAC1F9F002AD862 /* UserData.swift */ = {isa = PBXFileReference; fileEncoding = 4; lastKnownFileType = sourcecode.swift; path = UserData.swift; sourceTree = "<group>"; };
		39EC7FF71CAC223C002AD862 /* Tag+CoreDataProperties.swift */ = {isa = PBXFileReference; fileEncoding = 4; lastKnownFileType = sourcecode.swift; name = "Tag+CoreDataProperties.swift"; path = "NSManagedObject/Tag+CoreDataProperties.swift"; sourceTree = "<group>"; };
		39EC7FF81CAC223C002AD862 /* Tag.swift */ = {isa = PBXFileReference; fileEncoding = 4; lastKnownFileType = sourcecode.swift; name = Tag.swift; path = NSManagedObject/Tag.swift; sourceTree = "<group>"; };
		39EC7FF91CAC223C002AD862 /* Restaurant+CoreDataProperties.swift */ = {isa = PBXFileReference; fileEncoding = 4; lastKnownFileType = sourcecode.swift; name = "Restaurant+CoreDataProperties.swift"; path = "NSManagedObject/Restaurant+CoreDataProperties.swift"; sourceTree = "<group>"; };
		39EC7FFA1CAC223C002AD862 /* Restaurant.swift */ = {isa = PBXFileReference; fileEncoding = 4; lastKnownFileType = sourcecode.swift; name = Restaurant.swift; path = NSManagedObject/Restaurant.swift; sourceTree = "<group>"; };
		39EC80031CAC4787002AD862 /* RechercheViewController.swift */ = {isa = PBXFileReference; fileEncoding = 4; lastKnownFileType = sourcecode.swift; path = RechercheViewController.swift; sourceTree = "<group>"; };
		39EC80051CAD5ED2002AD862 /* RestaurantAnnotation.swift */ = {isa = PBXFileReference; fileEncoding = 4; lastKnownFileType = sourcecode.swift; path = RestaurantAnnotation.swift; sourceTree = "<group>"; };
		3E1CAC8B923C643DB750F0E8 /* Pods_VegoResto.framework */ = {isa = PBXFileReference; explicitFileType = wrapper.framework; includeInIndex = 0; path = Pods_VegoResto.framework; sourceTree = BUILT_PRODUCTS_DIR; };
		4633F00877AD5D8A5A8EA809 /* Pods-VegoResto.debug.xcconfig */ = {isa = PBXFileReference; includeInIndex = 1; lastKnownFileType = text.xcconfig; name = "Pods-VegoResto.debug.xcconfig"; path = "Pods/Target Support Files/Pods-VegoResto/Pods-VegoResto.debug.xcconfig"; sourceTree = "<group>"; };
		8A4BAF8AAACF3E606D5A4601 /* Pods-VegoResto.release.xcconfig */ = {isa = PBXFileReference; includeInIndex = 1; lastKnownFileType = text.xcconfig; name = "Pods-VegoResto.release.xcconfig"; path = "Pods/Target Support Files/Pods-VegoResto/Pods-VegoResto.release.xcconfig"; sourceTree = "<group>"; };
/* End PBXFileReference section */

/* Begin PBXFrameworksBuildPhase section */
		39968D381CABFFBA0085C61F /* Frameworks */ = {
			isa = PBXFrameworksBuildPhase;
			buildActionMask = 2147483647;
			files = (
				39EC7FF21CAC0EAF002AD862 /* MapKit.framework in Frameworks */,
				3978B2771CAC088400D82040 /* libstdc++.tbd in Frameworks */,
				3978B2751CAC087A00D82040 /* libz.tbd in Frameworks */,
				B9C69EA0EB7D4900CB10A0BF /* Pods_VegoResto.framework in Frameworks */,
			);
			runOnlyForDeploymentPostprocessing = 0;
		};
/* End PBXFrameworksBuildPhase section */

/* Begin PBXGroup section */
		30FE7FC92D597024259C496D /* Pods */ = {
			isa = PBXGroup;
			children = (
				4633F00877AD5D8A5A8EA809 /* Pods-VegoResto.debug.xcconfig */,
				8A4BAF8AAACF3E606D5A4601 /* Pods-VegoResto.release.xcconfig */,
			);
			name = Pods;
			sourceTree = "<group>";
		};
		396BD9781CAEB7640071DF07 /* Ressources */ = {
			isa = PBXGroup;
			children = (
				39EC7FF31CAC1F69002AD862 /* restaurants.json */,
				396BD9791CAEB76C0071DF07 /* images */,
			);
			name = Ressources;
			sourceTree = "<group>";
		};
		396BD9791CAEB76C0071DF07 /* images */ = {
			isa = PBXGroup;
			children = (
				39189F461CB4E74E00A64E5E /* img_bt_share.png */,
				39189F471CB4E74E00A64E5E /* img_bt_back.png */,
				39189F3E1CB4486900A64E5E /* img_ic_accueil_bt_1.png */,
				39189F3F1CB4486900A64E5E /* img_ic_accueil_bt_2.png */,
				396BD98C1CB312DC0071DF07 /* img_ic_phone.png */,
				396BD98D1CB312DC0071DF07 /* img_ic_maps.png */,
				396BD98E1CB312DC0071DF07 /* img_ic_more.png */,
				396BD98F1CB312DC0071DF07 /* img_ic_network.png */,
				396BD9821CB2A5C70071DF07 /* img_gluten_free_off.png */,
				396BD9831CB2A5C70071DF07 /* img_gluten_free_on.png */,
				396BD9841CB2A5C70071DF07 /* img_vegan_off.png */,
				39189F421CB45BBE00A64E5E /* img_gluten_free_off_white.png */,
				39189F431CB45BBE00A64E5E /* img_vegan_off_white.png */,
				396BD9851CB2A5C70071DF07 /* img_vegan_on.png */,
				396BD98A1CB2AA870071DF07 /* img_header.png */,
				39968D481CABFFBB0085C61F /* Assets.xcassets */,
				396BD9761CAEB7610071DF07 /* icon_1024.png */,
			);
			name = images;
			sourceTree = "<group>";
		};
		396BD97A1CAEB7930071DF07 /* Controllers */ = {
			isa = PBXGroup;
			children = (
				39EC7FEF1CAC0E15002AD862 /* MapsViewController.swift */,
				39EC80051CAD5ED2002AD862 /* RestaurantAnnotation.swift */,
				39EC80031CAC4787002AD862 /* RechercheViewController.swift */,
				396BD9741CAE62670071DF07 /* DetailRestaurantViewController.swift */,
				39848B071CB4231300D718FD /* NavigationAccueilViewController.swift */,
			);
			name = Controllers;
			sourceTree = "<group>";
		};
		396BD97B1CAEB79C0071DF07 /* Models */ = {
			isa = PBXGroup;
			children = (
				39EC7FF51CAC1F9F002AD862 /* UserData.swift */,
				397901751CADC62900597DCD /* CoreData */,
			);
			name = Models;
			sourceTree = "<group>";
		};
		396BD97C1CAEB7A90071DF07 /* IHM */ = {
			isa = PBXGroup;
			children = (
				39968D421CABFFBB0085C61F /* Main.storyboard */,
				39968D4A1CABFFBB0085C61F /* LaunchScreen.storyboard */,
			);
			name = IHM;
			sourceTree = "<group>";
		};
		396BD9811CAEB8710071DF07 /* Tools and Services */ = {
			isa = PBXGroup;
			children = (
				396BD97F1CAEB8640071DF07 /* ColorExtension.swift */,
			);
			name = "Tools and Services";
			sourceTree = "<group>";
		};
		397901751CADC62900597DCD /* CoreData */ = {
			isa = PBXGroup;
			children = (
				39EC7FF71CAC223C002AD862 /* Tag+CoreDataProperties.swift */,
				39EC7FF81CAC223C002AD862 /* Tag.swift */,
				39EC7FF91CAC223C002AD862 /* Restaurant+CoreDataProperties.swift */,
				39EC7FFA1CAC223C002AD862 /* Restaurant.swift */,
			);
			name = CoreData;
			sourceTree = "<group>";
		};
		39968D321CABFFBA0085C61F = {
			isa = PBXGroup;
			children = (
				39968D3D1CABFFBB0085C61F /* VegoResto */,
				39968D3C1CABFFBA0085C61F /* Products */,
				30FE7FC92D597024259C496D /* Pods */,
				FDF1F99F6257ABBB1FA1CF5F /* Frameworks */,
			);
			sourceTree = "<group>";
		};
		39968D3C1CABFFBA0085C61F /* Products */ = {
			isa = PBXGroup;
			children = (
				39968D3B1CABFFBA0085C61F /* VegoResto.app */,
			);
			name = Products;
			sourceTree = "<group>";
		};
		39968D3D1CABFFBB0085C61F /* VegoResto */ = {
			isa = PBXGroup;
			children = (
				39968D3E1CABFFBB0085C61F /* AppDelegate.swift */,
				396BD97D1CAEB8410071DF07 /* Constantes.swift */,
				396BD97B1CAEB79C0071DF07 /* Models */,
				396BD97A1CAEB7930071DF07 /* Controllers */,
				396BD97C1CAEB7A90071DF07 /* IHM */,
				396BD9811CAEB8710071DF07 /* Tools and Services */,
				396BD9781CAEB7640071DF07 /* Ressources */,
				39968D4D1CABFFBB0085C61F /* Info.plist */,
				39968D451CABFFBB0085C61F /* VegoResto.xcdatamodeld */,
			);
			path = VegoResto;
			sourceTree = "<group>";
		};
		FDF1F99F6257ABBB1FA1CF5F /* Frameworks */ = {
			isa = PBXGroup;
			children = (
				39EC7FF11CAC0EAF002AD862 /* MapKit.framework */,
				3978B2761CAC088400D82040 /* libstdc++.tbd */,
				3978B2741CAC087A00D82040 /* libz.tbd */,
				3E1CAC8B923C643DB750F0E8 /* Pods_VegoResto.framework */,
			);
			name = Frameworks;
			sourceTree = "<group>";
		};
/* End PBXGroup section */

/* Begin PBXNativeTarget section */
		39968D3A1CABFFBA0085C61F /* VegoResto */ = {
			isa = PBXNativeTarget;
			buildConfigurationList = 39968D501CABFFBB0085C61F /* Build configuration list for PBXNativeTarget "VegoResto" */;
			buildPhases = (
				E8B4940CF73400F3667A4FAC /* Check Pods Manifest.lock */,
				39968D371CABFFBA0085C61F /* Sources */,
				39968D381CABFFBA0085C61F /* Frameworks */,
				39968D391CABFFBA0085C61F /* Resources */,
				2DDB3C14112C8D3449A9A697 /* Embed Pods Frameworks */,
				847B091A34508DB14BCEB391 /* Copy Pods Resources */,
			);
			buildRules = (
			);
			dependencies = (
			);
			name = VegoResto;
			productName = VegoResto;
			productReference = 39968D3B1CABFFBA0085C61F /* VegoResto.app */;
			productType = "com.apple.product-type.application";
		};
/* End PBXNativeTarget section */

/* Begin PBXProject section */
		39968D331CABFFBA0085C61F /* Project object */ = {
			isa = PBXProject;
			attributes = {
				LastSwiftUpdateCheck = 0730;
				LastUpgradeCheck = 0730;
				ORGANIZATIONNAME = "Nicolas Laurent";
				TargetAttributes = {
					39968D3A1CABFFBA0085C61F = {
						CreatedOnToolsVersion = 7.3;
					};
				};
			};
			buildConfigurationList = 39968D361CABFFBA0085C61F /* Build configuration list for PBXProject "VegoResto" */;
			compatibilityVersion = "Xcode 3.2";
			developmentRegion = English;
			hasScannedForEncodings = 0;
			knownRegions = (
				en,
				Base,
			);
			mainGroup = 39968D321CABFFBA0085C61F;
			productRefGroup = 39968D3C1CABFFBA0085C61F /* Products */;
			projectDirPath = "";
			projectRoot = "";
			targets = (
				39968D3A1CABFFBA0085C61F /* VegoResto */,
			);
		};
/* End PBXProject section */

/* Begin PBXResourcesBuildPhase section */
		39968D391CABFFBA0085C61F /* Resources */ = {
			isa = PBXResourcesBuildPhase;
			buildActionMask = 2147483647;
			files = (
				39189F441CB45BBE00A64E5E /* img_gluten_free_off_white.png in Resources */,
				396BD9891CB2A5C70071DF07 /* img_vegan_on.png in Resources */,
				39EC7FF41CAC1F69002AD862 /* restaurants.json in Resources */,
				396BD9911CB312DC0071DF07 /* img_ic_maps.png in Resources */,
				396BD98B1CB2AA870071DF07 /* img_header.png in Resources */,
				396BD9921CB312DC0071DF07 /* img_ic_more.png in Resources */,
				39968D4C1CABFFBB0085C61F /* LaunchScreen.storyboard in Resources */,
				39189F401CB4486900A64E5E /* img_ic_accueil_bt_1.png in Resources */,
				396BD9861CB2A5C70071DF07 /* img_gluten_free_off.png in Resources */,
				39189F451CB45BBE00A64E5E /* img_vegan_off_white.png in Resources */,
				396BD9881CB2A5C70071DF07 /* img_vegan_off.png in Resources */,
				39968D491CABFFBB0085C61F /* Assets.xcassets in Resources */,
				39189F491CB4E74E00A64E5E /* img_bt_back.png in Resources */,
				396BD9901CB312DC0071DF07 /* img_ic_phone.png in Resources */,
				396BD9771CAEB7610071DF07 /* icon_1024.png in Resources */,
				396BD9871CB2A5C70071DF07 /* img_gluten_free_on.png in Resources */,
				39189F411CB4486900A64E5E /* img_ic_accueil_bt_2.png in Resources */,
				39189F481CB4E74E00A64E5E /* img_bt_share.png in Resources */,
				396BD9931CB312DC0071DF07 /* img_ic_network.png in Resources */,
				39968D441CABFFBB0085C61F /* Main.storyboard in Resources */,
			);
			runOnlyForDeploymentPostprocessing = 0;
		};
/* End PBXResourcesBuildPhase section */

/* Begin PBXShellScriptBuildPhase section */
		2DDB3C14112C8D3449A9A697 /* Embed Pods Frameworks */ = {
			isa = PBXShellScriptBuildPhase;
			buildActionMask = 2147483647;
			files = (
			);
			inputPaths = (
			);
			name = "Embed Pods Frameworks";
			outputPaths = (
			);
			runOnlyForDeploymentPostprocessing = 0;
			shellPath = /bin/sh;
			shellScript = "\"${SRCROOT}/Pods/Target Support Files/Pods-VegoResto/Pods-VegoResto-frameworks.sh\"\n";
			showEnvVarsInLog = 0;
		};
		847B091A34508DB14BCEB391 /* Copy Pods Resources */ = {
			isa = PBXShellScriptBuildPhase;
			buildActionMask = 2147483647;
			files = (
			);
			inputPaths = (
			);
			name = "Copy Pods Resources";
			outputPaths = (
			);
			runOnlyForDeploymentPostprocessing = 0;
			shellPath = /bin/sh;
			shellScript = "\"${SRCROOT}/Pods/Target Support Files/Pods-VegoResto/Pods-VegoResto-resources.sh\"\n";
			showEnvVarsInLog = 0;
		};
		E8B4940CF73400F3667A4FAC /* Check Pods Manifest.lock */ = {
			isa = PBXShellScriptBuildPhase;
			buildActionMask = 2147483647;
			files = (
			);
			inputPaths = (
			);
			name = "Check Pods Manifest.lock";
			outputPaths = (
			);
			runOnlyForDeploymentPostprocessing = 0;
			shellPath = /bin/sh;
			shellScript = "diff \"${PODS_ROOT}/../Podfile.lock\" \"${PODS_ROOT}/Manifest.lock\" > /dev/null\nif [[ $? != 0 ]] ; then\n    cat << EOM\nerror: The sandbox is not in sync with the Podfile.lock. Run 'pod install' or update your CocoaPods installation.\nEOM\n    exit 1\nfi\n";
			showEnvVarsInLog = 0;
		};
/* End PBXShellScriptBuildPhase section */

/* Begin PBXSourcesBuildPhase section */
		39968D371CABFFBA0085C61F /* Sources */ = {
			isa = PBXSourcesBuildPhase;
			buildActionMask = 2147483647;
			files = (
				39EC80061CAD5ED2002AD862 /* RestaurantAnnotation.swift in Sources */,
				39968D3F1CABFFBB0085C61F /* AppDelegate.swift in Sources */,
				39EC7FFD1CAC223C002AD862 /* Restaurant+CoreDataProperties.swift in Sources */,
				39EC7FFB1CAC223C002AD862 /* Tag+CoreDataProperties.swift in Sources */,
				39EC7FFC1CAC223C002AD862 /* Tag.swift in Sources */,
				39848B081CB4231300D718FD /* NavigationAccueilViewController.swift in Sources */,
				396BD97E1CAEB8410071DF07 /* Constantes.swift in Sources */,
				39968D471CABFFBB0085C61F /* VegoResto.xcdatamodeld in Sources */,
				39EC7FF61CAC1F9F002AD862 /* UserData.swift in Sources */,
				39EC7FF01CAC0E15002AD862 /* MapsViewController.swift in Sources */,
				39EC7FFE1CAC223C002AD862 /* Restaurant.swift in Sources */,
				39EC80041CAC4787002AD862 /* RechercheViewController.swift in Sources */,
				396BD9751CAE62670071DF07 /* DetailRestaurantViewController.swift in Sources */,
				396BD9801CAEB8640071DF07 /* ColorExtension.swift in Sources */,
			);
			runOnlyForDeploymentPostprocessing = 0;
		};
/* End PBXSourcesBuildPhase section */

/* Begin PBXVariantGroup section */
		39968D421CABFFBB0085C61F /* Main.storyboard */ = {
			isa = PBXVariantGroup;
			children = (
				39968D431CABFFBB0085C61F /* Base */,
			);
			name = Main.storyboard;
			sourceTree = "<group>";
		};
		39968D4A1CABFFBB0085C61F /* LaunchScreen.storyboard */ = {
			isa = PBXVariantGroup;
			children = (
				39968D4B1CABFFBB0085C61F /* Base */,
			);
			name = LaunchScreen.storyboard;
			sourceTree = "<group>";
		};
/* End PBXVariantGroup section */

/* Begin XCBuildConfiguration section */
		39968D4E1CABFFBB0085C61F /* Debug */ = {
			isa = XCBuildConfiguration;
			buildSettings = {
				ALWAYS_SEARCH_USER_PATHS = NO;
				CLANG_ANALYZER_NONNULL = YES;
				CLANG_CXX_LANGUAGE_STANDARD = "gnu++0x";
				CLANG_CXX_LIBRARY = "libc++";
				CLANG_ENABLE_MODULES = YES;
				CLANG_ENABLE_OBJC_ARC = YES;
				CLANG_WARN_BOOL_CONVERSION = YES;
				CLANG_WARN_CONSTANT_CONVERSION = YES;
				CLANG_WARN_DIRECT_OBJC_ISA_USAGE = YES_ERROR;
				CLANG_WARN_EMPTY_BODY = YES;
				CLANG_WARN_ENUM_CONVERSION = YES;
				CLANG_WARN_INT_CONVERSION = YES;
				CLANG_WARN_OBJC_ROOT_CLASS = YES_ERROR;
				CLANG_WARN_UNREACHABLE_CODE = YES;
				CLANG_WARN__DUPLICATE_METHOD_MATCH = YES;
				"CODE_SIGN_IDENTITY[sdk=iphoneos*]" = "iPhone Developer";
				COPY_PHASE_STRIP = NO;
				DEBUG_INFORMATION_FORMAT = dwarf;
				ENABLE_STRICT_OBJC_MSGSEND = YES;
				ENABLE_TESTABILITY = YES;
				GCC_C_LANGUAGE_STANDARD = gnu99;
				GCC_DYNAMIC_NO_PIC = NO;
				GCC_NO_COMMON_BLOCKS = YES;
				GCC_OPTIMIZATION_LEVEL = 0;
				GCC_PREPROCESSOR_DEFINITIONS = (
					"DEBUG=1",
					"$(inherited)",
				);
				GCC_WARN_64_TO_32_BIT_CONVERSION = YES;
				GCC_WARN_ABOUT_RETURN_TYPE = YES_ERROR;
				GCC_WARN_UNDECLARED_SELECTOR = YES;
				GCC_WARN_UNINITIALIZED_AUTOS = YES_AGGRESSIVE;
				GCC_WARN_UNUSED_FUNCTION = YES;
				GCC_WARN_UNUSED_VARIABLE = YES;
				IPHONEOS_DEPLOYMENT_TARGET = 9.3;
				MTL_ENABLE_DEBUG_INFO = YES;
				ONLY_ACTIVE_ARCH = YES;
				SDKROOT = iphoneos;
				SWIFT_OPTIMIZATION_LEVEL = "-Onone";
			};
			name = Debug;
		};
		39968D4F1CABFFBB0085C61F /* Release */ = {
			isa = XCBuildConfiguration;
			buildSettings = {
				ALWAYS_SEARCH_USER_PATHS = NO;
				CLANG_ANALYZER_NONNULL = YES;
				CLANG_CXX_LANGUAGE_STANDARD = "gnu++0x";
				CLANG_CXX_LIBRARY = "libc++";
				CLANG_ENABLE_MODULES = YES;
				CLANG_ENABLE_OBJC_ARC = YES;
				CLANG_WARN_BOOL_CONVERSION = YES;
				CLANG_WARN_CONSTANT_CONVERSION = YES;
				CLANG_WARN_DIRECT_OBJC_ISA_USAGE = YES_ERROR;
				CLANG_WARN_EMPTY_BODY = YES;
				CLANG_WARN_ENUM_CONVERSION = YES;
				CLANG_WARN_INT_CONVERSION = YES;
				CLANG_WARN_OBJC_ROOT_CLASS = YES_ERROR;
				CLANG_WARN_UNREACHABLE_CODE = YES;
				CLANG_WARN__DUPLICATE_METHOD_MATCH = YES;
				"CODE_SIGN_IDENTITY[sdk=iphoneos*]" = "iPhone Developer";
				COPY_PHASE_STRIP = NO;
				DEBUG_INFORMATION_FORMAT = "dwarf-with-dsym";
				ENABLE_NS_ASSERTIONS = NO;
				ENABLE_STRICT_OBJC_MSGSEND = YES;
				GCC_C_LANGUAGE_STANDARD = gnu99;
				GCC_NO_COMMON_BLOCKS = YES;
				GCC_WARN_64_TO_32_BIT_CONVERSION = YES;
				GCC_WARN_ABOUT_RETURN_TYPE = YES_ERROR;
				GCC_WARN_UNDECLARED_SELECTOR = YES;
				GCC_WARN_UNINITIALIZED_AUTOS = YES_AGGRESSIVE;
				GCC_WARN_UNUSED_FUNCTION = YES;
				GCC_WARN_UNUSED_VARIABLE = YES;
				IPHONEOS_DEPLOYMENT_TARGET = 9.3;
				MTL_ENABLE_DEBUG_INFO = NO;
				SDKROOT = iphoneos;
				VALIDATE_PRODUCT = YES;
			};
			name = Release;
		};
		39968D511CABFFBB0085C61F /* Debug */ = {
			isa = XCBuildConfiguration;
			baseConfigurationReference = 4633F00877AD5D8A5A8EA809 /* Pods-VegoResto.debug.xcconfig */;
			buildSettings = {
				ASSETCATALOG_COMPILER_APPICON_NAME = AppIcon;
				INFOPLIST_FILE = VegoResto/Info.plist;
				LD_RUNPATH_SEARCH_PATHS = "$(inherited) @executable_path/Frameworks";
				PRODUCT_BUNDLE_IDENTIFIER = "Nicolas-Laurent.VegoResto";
				PRODUCT_NAME = "$(TARGET_NAME)";
			};
			name = Debug;
		};
		39968D521CABFFBB0085C61F /* Release */ = {
			isa = XCBuildConfiguration;
			baseConfigurationReference = 8A4BAF8AAACF3E606D5A4601 /* Pods-VegoResto.release.xcconfig */;
			buildSettings = {
				ASSETCATALOG_COMPILER_APPICON_NAME = AppIcon;
				INFOPLIST_FILE = VegoResto/Info.plist;
				LD_RUNPATH_SEARCH_PATHS = "$(inherited) @executable_path/Frameworks";
				PRODUCT_BUNDLE_IDENTIFIER = "Nicolas-Laurent.VegoResto";
				PRODUCT_NAME = "$(TARGET_NAME)";
			};
			name = Release;
		};
/* End XCBuildConfiguration section */

/* Begin XCConfigurationList section */
		39968D361CABFFBA0085C61F /* Build configuration list for PBXProject "VegoResto" */ = {
			isa = XCConfigurationList;
			buildConfigurations = (
				39968D4E1CABFFBB0085C61F /* Debug */,
				39968D4F1CABFFBB0085C61F /* Release */,
			);
			defaultConfigurationIsVisible = 0;
			defaultConfigurationName = Release;
		};
		39968D501CABFFBB0085C61F /* Build configuration list for PBXNativeTarget "VegoResto" */ = {
			isa = XCConfigurationList;
			buildConfigurations = (
				39968D511CABFFBB0085C61F /* Debug */,
				39968D521CABFFBB0085C61F /* Release */,
			);
			defaultConfigurationIsVisible = 0;
			defaultConfigurationName = Release;
		};
/* End XCConfigurationList section */

/* Begin XCVersionGroup section */
		39968D451CABFFBB0085C61F /* VegoResto.xcdatamodeld */ = {
			isa = XCVersionGroup;
			children = (
				39968D461CABFFBB0085C61F /* VegoResto.xcdatamodel */,
			);
			currentVersion = 39968D461CABFFBB0085C61F /* VegoResto.xcdatamodel */;
			path = VegoResto.xcdatamodeld;
			sourceTree = "<group>";
			versionGroupType = wrapper.xcdatamodel;
		};
/* End XCVersionGroup section */
	};
	rootObject = 39968D331CABFFBA0085C61F /* Project object */;
}
