// !$*UTF8*$!
{
	archiveVersion = 1;
	classes = {
	};
	objectVersion = 46;
	objects = {

/* Begin PBXBuildFile section */
		390909DF1DCB3E52005F77CB /* FBAnnotation.swift in Sources */ = {isa = PBXBuildFile; fileRef = 390909D81DCB3E52005F77CB /* FBAnnotation.swift */; };
		390909E01DCB3E52005F77CB /* FBAnnotationCluster.swift in Sources */ = {isa = PBXBuildFile; fileRef = 390909D91DCB3E52005F77CB /* FBAnnotationCluster.swift */; };
		390909E11DCB3E52005F77CB /* FBAnnotationClusterView.swift in Sources */ = {isa = PBXBuildFile; fileRef = 390909DA1DCB3E52005F77CB /* FBAnnotationClusterView.swift */; };
		390909E21DCB3E52005F77CB /* FBBoundingBox.swift in Sources */ = {isa = PBXBuildFile; fileRef = 390909DB1DCB3E52005F77CB /* FBBoundingBox.swift */; };
		390909E31DCB3E52005F77CB /* FBClusteringManager.swift in Sources */ = {isa = PBXBuildFile; fileRef = 390909DC1DCB3E52005F77CB /* FBClusteringManager.swift */; };
		390909E41DCB3E52005F77CB /* FBQuadTree.swift in Sources */ = {isa = PBXBuildFile; fileRef = 390909DD1DCB3E52005F77CB /* FBQuadTree.swift */; };
		390909E51DCB3E52005F77CB /* FBQuadTreeNode.swift in Sources */ = {isa = PBXBuildFile; fileRef = 390909DE1DCB3E52005F77CB /* FBQuadTreeNode.swift */; };
		390909E71DCB3E85005F77CB /* ImagesClusters.xcassets in Resources */ = {isa = PBXBuildFile; fileRef = 390909E61DCB3E85005F77CB /* ImagesClusters.xcassets */; };
		39189F7A1CB5548500A64E5E /* CoreLocation.framework in Frameworks */ = {isa = PBXBuildFile; fileRef = 39189F791CB5548500A64E5E /* CoreLocation.framework */; };
		391D6D7A1D7060780023733E /* Pods-VegoResto-acknowledgements.plist in Resources */ = {isa = PBXBuildFile; fileRef = 391D6D791D7060780023733E /* Pods-VegoResto-acknowledgements.plist */; };
		391D6D7C1D7060A50023733E /* ParametresViewController.swift in Sources */ = {isa = PBXBuildFile; fileRef = 391D6D7B1D7060A50023733E /* ParametresViewController.swift */; };
		3939F3921D6B9889006786D6 /* olivier_01.ttf in Resources */ = {isa = PBXBuildFile; fileRef = 3939F3911D6B9889006786D6 /* olivier_01.ttf */; };
		3939F3941D6B98B8006786D6 /* ufonts.com_urw-gothic-l-book.ttf in Resources */ = {isa = PBXBuildFile; fileRef = 3939F3931D6B98B8006786D6 /* ufonts.com_urw-gothic-l-book.ttf */; };
		396BD9751CAE62670071DF07 /* DetailRestaurantViewController.swift in Sources */ = {isa = PBXBuildFile; fileRef = 396BD9741CAE62670071DF07 /* DetailRestaurantViewController.swift */; };
		396BD97E1CAEB8410071DF07 /* Constantes.swift in Sources */ = {isa = PBXBuildFile; fileRef = 396BD97D1CAEB8410071DF07 /* Constantes.swift */; };
		396BD9801CAEB8640071DF07 /* ColorExtension.swift in Sources */ = {isa = PBXBuildFile; fileRef = 396BD97F1CAEB8640071DF07 /* ColorExtension.swift */; };
		3978B2771CAC088400D82040 /* libstdc++.tbd in Frameworks */ = {isa = PBXBuildFile; fileRef = 3978B2761CAC088400D82040 /* libstdc++.tbd */; };
		397D33991D18222E00BA7708 /* ListeFavorisViewController.swift in Sources */ = {isa = PBXBuildFile; fileRef = 397D33981D18222E00BA7708 /* ListeFavorisViewController.swift */; };
		39848B081CB4231300D718FD /* NavigationAccueilViewController.swift in Sources */ = {isa = PBXBuildFile; fileRef = 39848B071CB4231300D718FD /* NavigationAccueilViewController.swift */; };
		398857E61CC2B97600B05F64 /* Tag+CoreDataProperties.swift in Sources */ = {isa = PBXBuildFile; fileRef = 398857E41CC2B97600B05F64 /* Tag+CoreDataProperties.swift */; };
		398857E71CC2B97600B05F64 /* Tag.swift in Sources */ = {isa = PBXBuildFile; fileRef = 398857E51CC2B97600B05F64 /* Tag.swift */; };
		398857EA1CC2BA1000B05F64 /* Restaurant+CoreDataProperties.swift in Sources */ = {isa = PBXBuildFile; fileRef = 398857E81CC2BA1000B05F64 /* Restaurant+CoreDataProperties.swift */; };
		398857EB1CC2BA1000B05F64 /* Restaurant.swift in Sources */ = {isa = PBXBuildFile; fileRef = 398857E91CC2BA1000B05F64 /* Restaurant.swift */; };
		398AA7E51D17F90600FA7E0A /* LGSideMenuController.m in Sources */ = {isa = PBXBuildFile; fileRef = 398AA7E01D17F90600FA7E0A /* LGSideMenuController.m */; };
		398AA7E61D17F90600FA7E0A /* MenuLateral.swift in Sources */ = {isa = PBXBuildFile; fileRef = 398AA7E21D17F90600FA7E0A /* MenuLateral.swift */; };
		398AA7E71D17F90600FA7E0A /* UIViewControllerExtension.swift in Sources */ = {isa = PBXBuildFile; fileRef = 398AA7E31D17F90600FA7E0A /* UIViewControllerExtension.swift */; };
		398AA7E81D17F90600FA7E0A /* MainViewController.swift in Sources */ = {isa = PBXBuildFile; fileRef = 398AA7E41D17F90600FA7E0A /* MainViewController.swift */; };
		39968D3F1CABFFBB0085C61F /* AppDelegate.swift in Sources */ = {isa = PBXBuildFile; fileRef = 39968D3E1CABFFBB0085C61F /* AppDelegate.swift */; };
		39968D441CABFFBB0085C61F /* Main.storyboard in Resources */ = {isa = PBXBuildFile; fileRef = 39968D421CABFFBB0085C61F /* Main.storyboard */; };
		39968D471CABFFBB0085C61F /* VegoResto.xcdatamodeld in Sources */ = {isa = PBXBuildFile; fileRef = 39968D451CABFFBB0085C61F /* VegoResto.xcdatamodeld */; };
		39968D4C1CABFFBB0085C61F /* LaunchScreen.storyboard in Resources */ = {isa = PBXBuildFile; fileRef = 39968D4A1CABFFBB0085C61F /* LaunchScreen.storyboard */; };
		399C06001CB8F86700885C0B /* ImageAnnotationView.swift in Sources */ = {isa = PBXBuildFile; fileRef = 399C05FF1CB8F86700885C0B /* ImageAnnotationView.swift */; };
		39C50EFC1CC8D9670019FA2B /* Images.swift in Sources */ = {isa = PBXBuildFile; fileRef = 39C50EFA1CC8D9670019FA2B /* Images.swift */; };
		39C50EFD1CC8D9670019FA2B /* Storyboards.swift in Sources */ = {isa = PBXBuildFile; fileRef = 39C50EFB1CC8D9670019FA2B /* Storyboards.swift */; };
		39C50EFF1CC8DE100019FA2B /* Media.xcassets in Resources */ = {isa = PBXBuildFile; fileRef = 39C50EFE1CC8DE100019FA2B /* Media.xcassets */; };
		39C50F0A1CCAD7C20019FA2B /* libz.tbd in Frameworks */ = {isa = PBXBuildFile; fileRef = 3978B2741CAC087A00D82040 /* libz.tbd */; };
		39C50F0C1CCB7B620019FA2B /* restaurants.xml in Resources */ = {isa = PBXBuildFile; fileRef = 39C50F0B1CCB7B620019FA2B /* restaurants.xml */; };
		39EC7FF01CAC0E15002AD862 /* MapsViewController.swift in Sources */ = {isa = PBXBuildFile; fileRef = 39EC7FEF1CAC0E15002AD862 /* MapsViewController.swift */; };
		39EC7FF21CAC0EAF002AD862 /* MapKit.framework in Frameworks */ = {isa = PBXBuildFile; fileRef = 39EC7FF11CAC0EAF002AD862 /* MapKit.framework */; };
		39EC7FF61CAC1F9F002AD862 /* UserData.swift in Sources */ = {isa = PBXBuildFile; fileRef = 39EC7FF51CAC1F9F002AD862 /* UserData.swift */; };
		39EC80041CAC4787002AD862 /* RechercheViewController.swift in Sources */ = {isa = PBXBuildFile; fileRef = 39EC80031CAC4787002AD862 /* RechercheViewController.swift */; };
		39EC80061CAD5ED2002AD862 /* RestaurantAnnotation.swift in Sources */ = {isa = PBXBuildFile; fileRef = 39EC80051CAD5ED2002AD862 /* RestaurantAnnotation.swift */; };
		EF157865DE4EABD1E6E8D828 /* Pods_VegoResto.framework in Frameworks */ = {isa = PBXBuildFile; fileRef = 728C81F550EEBDFCAA31B80B /* Pods_VegoResto.framework */; };
/* End PBXBuildFile section */

/* Begin PBXFileReference section */
		390909D81DCB3E52005F77CB /* FBAnnotation.swift */ = {isa = PBXFileReference; fileEncoding = 4; lastKnownFileType = sourcecode.swift; path = FBAnnotation.swift; sourceTree = "<group>"; };
		390909D91DCB3E52005F77CB /* FBAnnotationCluster.swift */ = {isa = PBXFileReference; fileEncoding = 4; lastKnownFileType = sourcecode.swift; path = FBAnnotationCluster.swift; sourceTree = "<group>"; };
		390909DA1DCB3E52005F77CB /* FBAnnotationClusterView.swift */ = {isa = PBXFileReference; fileEncoding = 4; lastKnownFileType = sourcecode.swift; path = FBAnnotationClusterView.swift; sourceTree = "<group>"; };
		390909DB1DCB3E52005F77CB /* FBBoundingBox.swift */ = {isa = PBXFileReference; fileEncoding = 4; lastKnownFileType = sourcecode.swift; path = FBBoundingBox.swift; sourceTree = "<group>"; };
		390909DC1DCB3E52005F77CB /* FBClusteringManager.swift */ = {isa = PBXFileReference; fileEncoding = 4; lastKnownFileType = sourcecode.swift; path = FBClusteringManager.swift; sourceTree = "<group>"; };
		390909DD1DCB3E52005F77CB /* FBQuadTree.swift */ = {isa = PBXFileReference; fileEncoding = 4; lastKnownFileType = sourcecode.swift; path = FBQuadTree.swift; sourceTree = "<group>"; };
		390909DE1DCB3E52005F77CB /* FBQuadTreeNode.swift */ = {isa = PBXFileReference; fileEncoding = 4; lastKnownFileType = sourcecode.swift; path = FBQuadTreeNode.swift; sourceTree = "<group>"; };
		390909E61DCB3E85005F77CB /* ImagesClusters.xcassets */ = {isa = PBXFileReference; lastKnownFileType = folder.assetcatalog; path = ImagesClusters.xcassets; sourceTree = "<group>"; };
		39189F791CB5548500A64E5E /* CoreLocation.framework */ = {isa = PBXFileReference; lastKnownFileType = wrapper.framework; name = CoreLocation.framework; path = System/Library/Frameworks/CoreLocation.framework; sourceTree = SDKROOT; };
		391D6D791D7060780023733E /* Pods-VegoResto-acknowledgements.plist */ = {isa = PBXFileReference; fileEncoding = 4; lastKnownFileType = text.plist.xml; name = "Pods-VegoResto-acknowledgements.plist"; path = "../Pods/Target Support Files/Pods-VegoResto/Pods-VegoResto-acknowledgements.plist"; sourceTree = "<group>"; };
		391D6D7B1D7060A50023733E /* ParametresViewController.swift */ = {isa = PBXFileReference; fileEncoding = 4; lastKnownFileType = sourcecode.swift; path = ParametresViewController.swift; sourceTree = "<group>"; };
		3939F3911D6B9889006786D6 /* olivier_01.ttf */ = {isa = PBXFileReference; lastKnownFileType = file; path = olivier_01.ttf; sourceTree = "<group>"; };
		3939F3931D6B98B8006786D6 /* ufonts.com_urw-gothic-l-book.ttf */ = {isa = PBXFileReference; lastKnownFileType = file; path = "ufonts.com_urw-gothic-l-book.ttf"; sourceTree = "<group>"; };
		396BD9741CAE62670071DF07 /* DetailRestaurantViewController.swift */ = {isa = PBXFileReference; fileEncoding = 4; lastKnownFileType = sourcecode.swift; path = DetailRestaurantViewController.swift; sourceTree = "<group>"; };
		396BD97D1CAEB8410071DF07 /* Constantes.swift */ = {isa = PBXFileReference; fileEncoding = 4; lastKnownFileType = sourcecode.swift; path = Constantes.swift; sourceTree = "<group>"; };
		396BD97F1CAEB8640071DF07 /* ColorExtension.swift */ = {isa = PBXFileReference; fileEncoding = 4; lastKnownFileType = sourcecode.swift; path = ColorExtension.swift; sourceTree = "<group>"; };
		3978B2741CAC087A00D82040 /* libz.tbd */ = {isa = PBXFileReference; lastKnownFileType = "sourcecode.text-based-dylib-definition"; name = libz.tbd; path = usr/lib/libz.tbd; sourceTree = SDKROOT; };
		3978B2761CAC088400D82040 /* libstdc++.tbd */ = {isa = PBXFileReference; lastKnownFileType = "sourcecode.text-based-dylib-definition"; name = "libstdc++.tbd"; path = "usr/lib/libstdc++.tbd"; sourceTree = SDKROOT; };
		397D33981D18222E00BA7708 /* ListeFavorisViewController.swift */ = {isa = PBXFileReference; fileEncoding = 4; lastKnownFileType = sourcecode.swift; path = ListeFavorisViewController.swift; sourceTree = "<group>"; };
		39848B071CB4231300D718FD /* NavigationAccueilViewController.swift */ = {isa = PBXFileReference; fileEncoding = 4; lastKnownFileType = sourcecode.swift; path = NavigationAccueilViewController.swift; sourceTree = "<group>"; };
		398857E41CC2B97600B05F64 /* Tag+CoreDataProperties.swift */ = {isa = PBXFileReference; fileEncoding = 4; lastKnownFileType = sourcecode.swift; name = "Tag+CoreDataProperties.swift"; path = "NSManagedObject/Tag+CoreDataProperties.swift"; sourceTree = "<group>"; };
		398857E51CC2B97600B05F64 /* Tag.swift */ = {isa = PBXFileReference; fileEncoding = 4; lastKnownFileType = sourcecode.swift; name = Tag.swift; path = NSManagedObject/Tag.swift; sourceTree = "<group>"; };
		398857E81CC2BA1000B05F64 /* Restaurant+CoreDataProperties.swift */ = {isa = PBXFileReference; fileEncoding = 4; lastKnownFileType = sourcecode.swift; name = "Restaurant+CoreDataProperties.swift"; path = "NSManagedObject/Restaurant+CoreDataProperties.swift"; sourceTree = "<group>"; };
		398857E91CC2BA1000B05F64 /* Restaurant.swift */ = {isa = PBXFileReference; fileEncoding = 4; lastKnownFileType = sourcecode.swift; name = Restaurant.swift; path = NSManagedObject/Restaurant.swift; sourceTree = "<group>"; };
		398AA7DF1D17F90500FA7E0A /* VegoResto-Bridging-Header.h */ = {isa = PBXFileReference; lastKnownFileType = sourcecode.c.h; path = "VegoResto-Bridging-Header.h"; sourceTree = "<group>"; };
		398AA7E01D17F90600FA7E0A /* LGSideMenuController.m */ = {isa = PBXFileReference; fileEncoding = 4; lastKnownFileType = sourcecode.c.objc; path = LGSideMenuController.m; sourceTree = "<group>"; };
		398AA7E11D17F90600FA7E0A /* LGSideMenuController.h */ = {isa = PBXFileReference; fileEncoding = 4; lastKnownFileType = sourcecode.c.h; path = LGSideMenuController.h; sourceTree = "<group>"; };
		398AA7E21D17F90600FA7E0A /* MenuLateral.swift */ = {isa = PBXFileReference; fileEncoding = 4; lastKnownFileType = sourcecode.swift; path = MenuLateral.swift; sourceTree = "<group>"; };
		398AA7E31D17F90600FA7E0A /* UIViewControllerExtension.swift */ = {isa = PBXFileReference; fileEncoding = 4; lastKnownFileType = sourcecode.swift; path = UIViewControllerExtension.swift; sourceTree = "<group>"; };
		398AA7E41D17F90600FA7E0A /* MainViewController.swift */ = {isa = PBXFileReference; fileEncoding = 4; lastKnownFileType = sourcecode.swift; path = MainViewController.swift; sourceTree = "<group>"; };
		39968D3B1CABFFBA0085C61F /* VegoResto.app */ = {isa = PBXFileReference; explicitFileType = wrapper.application; includeInIndex = 0; path = VegoResto.app; sourceTree = BUILT_PRODUCTS_DIR; };
		39968D3E1CABFFBB0085C61F /* AppDelegate.swift */ = {isa = PBXFileReference; lastKnownFileType = sourcecode.swift; path = AppDelegate.swift; sourceTree = "<group>"; };
		39968D431CABFFBB0085C61F /* Base */ = {isa = PBXFileReference; lastKnownFileType = file.storyboard; name = Base; path = Base.lproj/Main.storyboard; sourceTree = "<group>"; };
		39968D461CABFFBB0085C61F /* VegoResto.xcdatamodel */ = {isa = PBXFileReference; lastKnownFileType = wrapper.xcdatamodel; path = VegoResto.xcdatamodel; sourceTree = "<group>"; };
		39968D4B1CABFFBB0085C61F /* Base */ = {isa = PBXFileReference; lastKnownFileType = file.storyboard; name = Base; path = Base.lproj/LaunchScreen.storyboard; sourceTree = "<group>"; };
		39968D4D1CABFFBB0085C61F /* Info.plist */ = {isa = PBXFileReference; lastKnownFileType = text.plist.xml; path = Info.plist; sourceTree = "<group>"; };
		399C05FF1CB8F86700885C0B /* ImageAnnotationView.swift */ = {isa = PBXFileReference; fileEncoding = 4; lastKnownFileType = sourcecode.swift; path = ImageAnnotationView.swift; sourceTree = "<group>"; };
		39C50EFA1CC8D9670019FA2B /* Images.swift */ = {isa = PBXFileReference; fileEncoding = 4; lastKnownFileType = sourcecode.swift; name = Images.swift; path = Constants_Gen/Images.swift; sourceTree = SOURCE_ROOT; };
		39C50EFB1CC8D9670019FA2B /* Storyboards.swift */ = {isa = PBXFileReference; fileEncoding = 4; lastKnownFileType = sourcecode.swift; name = Storyboards.swift; path = Constants_Gen/Storyboards.swift; sourceTree = SOURCE_ROOT; };
		39C50EFE1CC8DE100019FA2B /* Media.xcassets */ = {isa = PBXFileReference; lastKnownFileType = folder.assetcatalog; name = Media.xcassets; path = Ressources/Media.xcassets; sourceTree = "<group>"; };
		39C50F011CCAC5610019FA2B /* libc++.tbd */ = {isa = PBXFileReference; lastKnownFileType = "sourcecode.text-based-dylib-definition"; name = "libc++.tbd"; path = "usr/lib/libc++.tbd"; sourceTree = SDKROOT; };
		39C50F0B1CCB7B620019FA2B /* restaurants.xml */ = {isa = PBXFileReference; fileEncoding = 4; lastKnownFileType = text.xml; path = restaurants.xml; sourceTree = "<group>"; };
		39EC7FEF1CAC0E15002AD862 /* MapsViewController.swift */ = {isa = PBXFileReference; fileEncoding = 4; lastKnownFileType = sourcecode.swift; path = MapsViewController.swift; sourceTree = "<group>"; };
		39EC7FF11CAC0EAF002AD862 /* MapKit.framework */ = {isa = PBXFileReference; lastKnownFileType = wrapper.framework; name = MapKit.framework; path = System/Library/Frameworks/MapKit.framework; sourceTree = SDKROOT; };
		39EC7FF51CAC1F9F002AD862 /* UserData.swift */ = {isa = PBXFileReference; fileEncoding = 4; lastKnownFileType = sourcecode.swift; path = UserData.swift; sourceTree = "<group>"; };
		39EC80031CAC4787002AD862 /* RechercheViewController.swift */ = {isa = PBXFileReference; fileEncoding = 4; lastKnownFileType = sourcecode.swift; path = RechercheViewController.swift; sourceTree = "<group>"; };
		39EC80051CAD5ED2002AD862 /* RestaurantAnnotation.swift */ = {isa = PBXFileReference; fileEncoding = 4; lastKnownFileType = sourcecode.swift; path = RestaurantAnnotation.swift; sourceTree = "<group>"; };
		728C81F550EEBDFCAA31B80B /* Pods_VegoResto.framework */ = {isa = PBXFileReference; explicitFileType = wrapper.framework; includeInIndex = 0; path = Pods_VegoResto.framework; sourceTree = BUILT_PRODUCTS_DIR; };
		93153D050B7028EFD7E7B3D1 /* Pods-VegoResto.debug.xcconfig */ = {isa = PBXFileReference; includeInIndex = 1; lastKnownFileType = text.xcconfig; name = "Pods-VegoResto.debug.xcconfig"; path = "Pods/Target Support Files/Pods-VegoResto/Pods-VegoResto.debug.xcconfig"; sourceTree = "<group>"; };
		F6942C8EF250C97DF4559C29 /* Pods-VegoResto.release.xcconfig */ = {isa = PBXFileReference; includeInIndex = 1; lastKnownFileType = text.xcconfig; name = "Pods-VegoResto.release.xcconfig"; path = "Pods/Target Support Files/Pods-VegoResto/Pods-VegoResto.release.xcconfig"; sourceTree = "<group>"; };
/* End PBXFileReference section */

/* Begin PBXFrameworksBuildPhase section */
		39968D381CABFFBA0085C61F /* Frameworks */ = {
			isa = PBXFrameworksBuildPhase;
			buildActionMask = 2147483647;
			files = (
				39C50F0A1CCAD7C20019FA2B /* libz.tbd in Frameworks */,
				39189F7A1CB5548500A64E5E /* CoreLocation.framework in Frameworks */,
				39EC7FF21CAC0EAF002AD862 /* MapKit.framework in Frameworks */,
				3978B2771CAC088400D82040 /* libstdc++.tbd in Frameworks */,
				EF157865DE4EABD1E6E8D828 /* Pods_VegoResto.framework in Frameworks */,
			);
			runOnlyForDeploymentPostprocessing = 0;
		};
/* End PBXFrameworksBuildPhase section */

/* Begin PBXGroup section */
		36E32163D3BC83D5436EF207 /* Pods */ = {
			isa = PBXGroup;
			children = (
				93153D050B7028EFD7E7B3D1 /* Pods-VegoResto.debug.xcconfig */,
				F6942C8EF250C97DF4559C29 /* Pods-VegoResto.release.xcconfig */,
			);
			name = Pods;
			sourceTree = "<group>";
		};
		3939F3901D6B9874006786D6 /* Fonts */ = {
			isa = PBXGroup;
			children = (
				3939F3931D6B98B8006786D6 /* ufonts.com_urw-gothic-l-book.ttf */,
				3939F3911D6B9889006786D6 /* olivier_01.ttf */,
			);
			name = Fonts;
			sourceTree = "<group>";
		};
		396BD9781CAEB7640071DF07 /* Ressources */ = {
			isa = PBXGroup;
			children = (
				390909D81DCB3E52005F77CB /* FBAnnotation.swift */,
				390909D91DCB3E52005F77CB /* FBAnnotationCluster.swift */,
				390909DA1DCB3E52005F77CB /* FBAnnotationClusterView.swift */,
				390909DB1DCB3E52005F77CB /* FBBoundingBox.swift */,
				390909DC1DCB3E52005F77CB /* FBClusteringManager.swift */,
				390909DD1DCB3E52005F77CB /* FBQuadTree.swift */,
				390909DE1DCB3E52005F77CB /* FBQuadTreeNode.swift */,
				390909E61DCB3E85005F77CB /* ImagesClusters.xcassets */,
				391D6D791D7060780023733E /* Pods-VegoResto-acknowledgements.plist */,
				3939F3901D6B9874006786D6 /* Fonts */,
				39C50F0B1CCB7B620019FA2B /* restaurants.xml */,
				39C50F001CC8E02D0019FA2B /* SwiftGen */,
				396BD9791CAEB76C0071DF07 /* images */,
			);
			name = Ressources;
			sourceTree = "<group>";
		};
		396BD9791CAEB76C0071DF07 /* images */ = {
			isa = PBXGroup;
			children = (
				39C50EFE1CC8DE100019FA2B /* Media.xcassets */,
			);
			name = images;
			sourceTree = "<group>";
		};
		396BD97A1CAEB7930071DF07 /* Controllers */ = {
			isa = PBXGroup;
			children = (
				398AA7EA1D17F91E00FA7E0A /* Navigation Generale */,
				39EC7FEF1CAC0E15002AD862 /* MapsViewController.swift */,
				397D33981D18222E00BA7708 /* ListeFavorisViewController.swift */,
				39EC80051CAD5ED2002AD862 /* RestaurantAnnotation.swift */,
				399C05FF1CB8F86700885C0B /* ImageAnnotationView.swift */,
				39EC80031CAC4787002AD862 /* RechercheViewController.swift */,
				396BD9741CAE62670071DF07 /* DetailRestaurantViewController.swift */,
				391D6D7B1D7060A50023733E /* ParametresViewController.swift */,
				39848B071CB4231300D718FD /* NavigationAccueilViewController.swift */,
			);
			name = Controllers;
			sourceTree = "<group>";
		};
		396BD97B1CAEB79C0071DF07 /* Models */ = {
			isa = PBXGroup;
			children = (
				39EC7FF51CAC1F9F002AD862 /* UserData.swift */,
				397901751CADC62900597DCD /* CoreData */,
			);
			name = Models;
			sourceTree = "<group>";
		};
		396BD97C1CAEB7A90071DF07 /* IHM */ = {
			isa = PBXGroup;
			children = (
				39968D421CABFFBB0085C61F /* Main.storyboard */,
				39968D4A1CABFFBB0085C61F /* LaunchScreen.storyboard */,
			);
			name = IHM;
			sourceTree = "<group>";
		};
		396BD9811CAEB8710071DF07 /* Tools and Services */ = {
			isa = PBXGroup;
			children = (
				396BD97F1CAEB8640071DF07 /* ColorExtension.swift */,
			);
			name = "Tools and Services";
			sourceTree = "<group>";
		};
		397901751CADC62900597DCD /* CoreData */ = {
			isa = PBXGroup;
			children = (
				398857E81CC2BA1000B05F64 /* Restaurant+CoreDataProperties.swift */,
				398857E91CC2BA1000B05F64 /* Restaurant.swift */,
				398857E41CC2B97600B05F64 /* Tag+CoreDataProperties.swift */,
				398857E51CC2B97600B05F64 /* Tag.swift */,
			);
			name = CoreData;
			sourceTree = "<group>";
		};
		398AA7E91D17F91100FA7E0A /* LGSlideMenu Lib */ = {
			isa = PBXGroup;
			children = (
				398AA7E01D17F90600FA7E0A /* LGSideMenuController.m */,
				398AA7E11D17F90600FA7E0A /* LGSideMenuController.h */,
			);
			name = "LGSlideMenu Lib";
			sourceTree = "<group>";
		};
		398AA7EA1D17F91E00FA7E0A /* Navigation Generale */ = {
			isa = PBXGroup;
			children = (
				398AA7E91D17F91100FA7E0A /* LGSlideMenu Lib */,
				398AA7E21D17F90600FA7E0A /* MenuLateral.swift */,
				398AA7E31D17F90600FA7E0A /* UIViewControllerExtension.swift */,
				398AA7E41D17F90600FA7E0A /* MainViewController.swift */,
			);
			name = "Navigation Generale";
			sourceTree = "<group>";
		};
		39968D321CABFFBA0085C61F = {
			isa = PBXGroup;
			children = (
				39968D3D1CABFFBB0085C61F /* VegoResto */,
				39968D3C1CABFFBA0085C61F /* Products */,
				FDF1F99F6257ABBB1FA1CF5F /* Frameworks */,
				36E32163D3BC83D5436EF207 /* Pods */,
			);
			sourceTree = "<group>";
		};
		39968D3C1CABFFBA0085C61F /* Products */ = {
			isa = PBXGroup;
			children = (
				39968D3B1CABFFBA0085C61F /* VegoResto.app */,
			);
			name = Products;
			sourceTree = "<group>";
		};
		39968D3D1CABFFBB0085C61F /* VegoResto */ = {
			isa = PBXGroup;
			children = (
				39968D3E1CABFFBB0085C61F /* AppDelegate.swift */,
				396BD97D1CAEB8410071DF07 /* Constantes.swift */,
				396BD97B1CAEB79C0071DF07 /* Models */,
				396BD97A1CAEB7930071DF07 /* Controllers */,
				396BD97C1CAEB7A90071DF07 /* IHM */,
				396BD9811CAEB8710071DF07 /* Tools and Services */,
				396BD9781CAEB7640071DF07 /* Ressources */,
				398AA7DF1D17F90500FA7E0A /* VegoResto-Bridging-Header.h */,
				39968D4D1CABFFBB0085C61F /* Info.plist */,
				39968D451CABFFBB0085C61F /* VegoResto.xcdatamodeld */,
			);
			path = VegoResto;
			sourceTree = "<group>";
		};
		39C50F001CC8E02D0019FA2B /* SwiftGen */ = {
			isa = PBXGroup;
			children = (
				39C50EFA1CC8D9670019FA2B /* Images.swift */,
				39C50EFB1CC8D9670019FA2B /* Storyboards.swift */,
			);
			name = SwiftGen;
			sourceTree = "<group>";
		};
		FDF1F99F6257ABBB1FA1CF5F /* Frameworks */ = {
			isa = PBXGroup;
			children = (
				39C50F011CCAC5610019FA2B /* libc++.tbd */,
				39189F791CB5548500A64E5E /* CoreLocation.framework */,
				39EC7FF11CAC0EAF002AD862 /* MapKit.framework */,
				3978B2761CAC088400D82040 /* libstdc++.tbd */,
				3978B2741CAC087A00D82040 /* libz.tbd */,
				728C81F550EEBDFCAA31B80B /* Pods_VegoResto.framework */,
			);
			name = Frameworks;
			sourceTree = "<group>";
		};
/* End PBXGroup section */

/* Begin PBXNativeTarget section */
		39968D3A1CABFFBA0085C61F /* VegoResto */ = {
			isa = PBXNativeTarget;
			buildConfigurationList = 39968D501CABFFBB0085C61F /* Build configuration list for PBXNativeTarget "VegoResto" */;
			buildPhases = (
				FB538B60DCD8F5A8B033AF01 /* [CP] Check Pods Manifest.lock */,
				39968D371CABFFBA0085C61F /* Sources */,
				39968D381CABFFBA0085C61F /* Frameworks */,
				39968D391CABFFBA0085C61F /* Resources */,
				398857E31CC2B26300B05F64 /* Run Script */,
				7456CB99CF266BB1E3D84AE3 /* [CP] Embed Pods Frameworks */,
				062A06A6437B9F42363502EA /* [CP] Copy Pods Resources */,
			);
			buildRules = (
			);
			dependencies = (
			);
			name = VegoResto;
			productName = VegoResto;
			productReference = 39968D3B1CABFFBA0085C61F /* VegoResto.app */;
			productType = "com.apple.product-type.application";
		};
/* End PBXNativeTarget section */

/* Begin PBXProject section */
		39968D331CABFFBA0085C61F /* Project object */ = {
			isa = PBXProject;
			attributes = {
				LastSwiftUpdateCheck = 0730;
				LastUpgradeCheck = 0800;
				ORGANIZATIONNAME = "Nicolas Laurent";
				TargetAttributes = {
					39968D3A1CABFFBA0085C61F = {
						CreatedOnToolsVersion = 7.3;
						DevelopmentTeam = G9B2LM6D3L;
						LastSwiftMigration = 0800;
						ProvisioningStyle = Automatic;
						SystemCapabilities = {
							com.apple.Push = {
								enabled = 1;
							};
						};
					};
				};
			};
			buildConfigurationList = 39968D361CABFFBA0085C61F /* Build configuration list for PBXProject "VegoResto" */;
			compatibilityVersion = "Xcode 3.2";
			developmentRegion = English;
			hasScannedForEncodings = 0;
			knownRegions = (
				en,
				Base,
			);
			mainGroup = 39968D321CABFFBA0085C61F;
			productRefGroup = 39968D3C1CABFFBA0085C61F /* Products */;
			projectDirPath = "";
			projectRoot = "";
			targets = (
				39968D3A1CABFFBA0085C61F /* VegoResto */,
			);
		};
/* End PBXProject section */

/* Begin PBXResourcesBuildPhase section */
		39968D391CABFFBA0085C61F /* Resources */ = {
			isa = PBXResourcesBuildPhase;
			buildActionMask = 2147483647;
			files = (
				3939F3941D6B98B8006786D6 /* ufonts.com_urw-gothic-l-book.ttf in Resources */,
				391D6D7A1D7060780023733E /* Pods-VegoResto-acknowledgements.plist in Resources */,
				3939F3921D6B9889006786D6 /* olivier_01.ttf in Resources */,
				39C50F0C1CCB7B620019FA2B /* restaurants.xml in Resources */,
				39C50EFF1CC8DE100019FA2B /* Media.xcassets in Resources */,
				39968D4C1CABFFBB0085C61F /* LaunchScreen.storyboard in Resources */,
				390909E71DCB3E85005F77CB /* ImagesClusters.xcassets in Resources */,
				39968D441CABFFBB0085C61F /* Main.storyboard in Resources */,
			);
			runOnlyForDeploymentPostprocessing = 0;
		};
/* End PBXResourcesBuildPhase section */

/* Begin PBXShellScriptBuildPhase section */
		062A06A6437B9F42363502EA /* [CP] Copy Pods Resources */ = {
			isa = PBXShellScriptBuildPhase;
			buildActionMask = 2147483647;
			files = (
			);
			inputPaths = (
			);
			name = "[CP] Copy Pods Resources";
			outputPaths = (
			);
			runOnlyForDeploymentPostprocessing = 0;
			shellPath = /bin/sh;
			shellScript = "\"${SRCROOT}/Pods/Target Support Files/Pods-VegoResto/Pods-VegoResto-resources.sh\"\n";
			showEnvVarsInLog = 0;
		};
		398857E31CC2B26300B05F64 /* Run Script */ = {
			isa = PBXShellScriptBuildPhase;
			buildActionMask = 2147483647;
			files = (
			);
			inputPaths = (
			);
			name = "Run Script";
			outputPaths = (
			);
			runOnlyForDeploymentPostprocessing = 0;
			shellPath = /bin/sh;
			shellScript = "if which swiftlint >/dev/null; then\nswiftlint autocorrect\nswiftlint\nelse\necho \"warning: SwiftLint not installed, download from https://github.com/realm/SwiftLint\"\nfi\n\nif which ./Pods/SwiftGen/bin/swiftgen >/dev/null; then\n\nrm -r ./Constants_Gen\n\nmkdir ./Constants_Gen\n\ntouch ./Constants_Gen/Images.swift\ntouch ./Constants_Gen/Storyboards.swift\n\n\n./Pods/SwiftGen/bin/swiftgen storyboards \"$PROJECT_DIR\" --output \"$PROJECT_DIR/Constants_Gen/Storyboards.swift\"  -t swift3\n./Pods/SwiftGen/bin/swiftgen images \"$PROJECT_DIR\" --output \"$PROJECT_DIR/Constants_Gen/Images.swift\"  -t swift3\nelse\necho \"warning: SwiftGen not installed, download it from https://github.com/AliSoftware/SwiftGen\"\nfi\n";
		};
		7456CB99CF266BB1E3D84AE3 /* [CP] Embed Pods Frameworks */ = {
			isa = PBXShellScriptBuildPhase;
			buildActionMask = 2147483647;
			files = (
			);
			inputPaths = (
			);
			name = "[CP] Embed Pods Frameworks";
			outputPaths = (
			);
			runOnlyForDeploymentPostprocessing = 0;
			shellPath = /bin/sh;
			shellScript = "\"${SRCROOT}/Pods/Target Support Files/Pods-VegoResto/Pods-VegoResto-frameworks.sh\"\n";
			showEnvVarsInLog = 0;
		};
		FB538B60DCD8F5A8B033AF01 /* [CP] Check Pods Manifest.lock */ = {
			isa = PBXShellScriptBuildPhase;
			buildActionMask = 2147483647;
			files = (
			);
			inputPaths = (
			);
			name = "[CP] Check Pods Manifest.lock";
			outputPaths = (
			);
			runOnlyForDeploymentPostprocessing = 0;
			shellPath = /bin/sh;
			shellScript = "diff \"${PODS_ROOT}/../Podfile.lock\" \"${PODS_ROOT}/Manifest.lock\" > /dev/null\nif [ $? != 0 ] ; then\n    # print error to STDERR\n    echo \"error: The sandbox is not in sync with the Podfile.lock. Run 'pod install' or update your CocoaPods installation.\" >&2\n    exit 1\nfi\n";
			showEnvVarsInLog = 0;
		};
/* End PBXShellScriptBuildPhase section */

/* Begin PBXSourcesBuildPhase section */
		39968D371CABFFBA0085C61F /* Sources */ = {
			isa = PBXSourcesBuildPhase;
			buildActionMask = 2147483647;
			files = (
				397D33991D18222E00BA7708 /* ListeFavorisViewController.swift in Sources */,
				398AA7E81D17F90600FA7E0A /* MainViewController.swift in Sources */,
				39EC80061CAD5ED2002AD862 /* RestaurantAnnotation.swift in Sources */,
				39968D3F1CABFFBB0085C61F /* AppDelegate.swift in Sources */,
				398AA7E51D17F90600FA7E0A /* LGSideMenuController.m in Sources */,
				39848B081CB4231300D718FD /* NavigationAccueilViewController.swift in Sources */,
				391D6D7C1D7060A50023733E /* ParametresViewController.swift in Sources */,
				398857E61CC2B97600B05F64 /* Tag+CoreDataProperties.swift in Sources */,
				390909DF1DCB3E52005F77CB /* FBAnnotation.swift in Sources */,
				398857EA1CC2BA1000B05F64 /* Restaurant+CoreDataProperties.swift in Sources */,
				398857EB1CC2BA1000B05F64 /* Restaurant.swift in Sources */,
				396BD97E1CAEB8410071DF07 /* Constantes.swift in Sources */,
				398AA7E61D17F90600FA7E0A /* MenuLateral.swift in Sources */,
				39C50EFD1CC8D9670019FA2B /* Storyboards.swift in Sources */,
				390909E11DCB3E52005F77CB /* FBAnnotationClusterView.swift in Sources */,
				390909E01DCB3E52005F77CB /* FBAnnotationCluster.swift in Sources */,
				39968D471CABFFBB0085C61F /* VegoResto.xcdatamodeld in Sources */,
				39EC7FF61CAC1F9F002AD862 /* UserData.swift in Sources */,
				398AA7E71D17F90600FA7E0A /* UIViewControllerExtension.swift in Sources */,
				39EC7FF01CAC0E15002AD862 /* MapsViewController.swift in Sources */,
				390909E51DCB3E52005F77CB /* FBQuadTreeNode.swift in Sources */,
				39EC80041CAC4787002AD862 /* RechercheViewController.swift in Sources */,
				399C06001CB8F86700885C0B /* ImageAnnotationView.swift in Sources */,
				390909E41DCB3E52005F77CB /* FBQuadTree.swift in Sources */,
				390909E21DCB3E52005F77CB /* FBBoundingBox.swift in Sources */,
				390909E31DCB3E52005F77CB /* FBClusteringManager.swift in Sources */,
				398857E71CC2B97600B05F64 /* Tag.swift in Sources */,
				39C50EFC1CC8D9670019FA2B /* Images.swift in Sources */,
				396BD9751CAE62670071DF07 /* DetailRestaurantViewController.swift in Sources */,
				396BD9801CAEB8640071DF07 /* ColorExtension.swift in Sources */,
			);
			runOnlyForDeploymentPostprocessing = 0;
		};
/* End PBXSourcesBuildPhase section */

/* Begin PBXVariantGroup section */
		39968D421CABFFBB0085C61F /* Main.storyboard */ = {
			isa = PBXVariantGroup;
			children = (
				39968D431CABFFBB0085C61F /* Base */,
			);
			name = Main.storyboard;
			sourceTree = "<group>";
		};
		39968D4A1CABFFBB0085C61F /* LaunchScreen.storyboard */ = {
			isa = PBXVariantGroup;
			children = (
				39968D4B1CABFFBB0085C61F /* Base */,
			);
			name = LaunchScreen.storyboard;
			sourceTree = "<group>";
		};
/* End PBXVariantGroup section */

/* Begin XCBuildConfiguration section */
		39968D4E1CABFFBB0085C61F /* Debug */ = {
			isa = XCBuildConfiguration;
			buildSettings = {
				ALWAYS_EMBED_SWIFT_STANDARD_LIBRARIES = YES;
				ALWAYS_SEARCH_USER_PATHS = NO;
				CLANG_ANALYZER_NONNULL = YES;
				CLANG_CXX_LANGUAGE_STANDARD = "gnu++0x";
				CLANG_CXX_LIBRARY = "libc++";
				CLANG_ENABLE_MODULES = YES;
				CLANG_ENABLE_OBJC_ARC = YES;
				CLANG_WARN_BOOL_CONVERSION = YES;
				CLANG_WARN_CONSTANT_CONVERSION = YES;
				CLANG_WARN_DIRECT_OBJC_ISA_USAGE = YES_ERROR;
				CLANG_WARN_EMPTY_BODY = YES;
				CLANG_WARN_ENUM_CONVERSION = YES;
				CLANG_WARN_INFINITE_RECURSION = YES;
				CLANG_WARN_INT_CONVERSION = YES;
				CLANG_WARN_OBJC_ROOT_CLASS = YES_ERROR;
				CLANG_WARN_SUSPICIOUS_MOVE = YES;
				CLANG_WARN_UNREACHABLE_CODE = YES;
				CLANG_WARN__DUPLICATE_METHOD_MATCH = YES;
				"CODE_SIGN_IDENTITY[sdk=iphoneos*]" = "iPhone Developer";
				COPY_PHASE_STRIP = NO;
				DEBUG_INFORMATION_FORMAT = dwarf;
				ENABLE_STRICT_OBJC_MSGSEND = YES;
				ENABLE_TESTABILITY = YES;
				GCC_C_LANGUAGE_STANDARD = gnu99;
				GCC_DYNAMIC_NO_PIC = NO;
				GCC_NO_COMMON_BLOCKS = YES;
				GCC_OPTIMIZATION_LEVEL = 0;
				GCC_PREPROCESSOR_DEFINITIONS = "$(inherited)";
				GCC_WARN_64_TO_32_BIT_CONVERSION = YES;
				GCC_WARN_ABOUT_RETURN_TYPE = YES_ERROR;
				GCC_WARN_UNDECLARED_SELECTOR = YES;
				GCC_WARN_UNINITIALIZED_AUTOS = YES_AGGRESSIVE;
				GCC_WARN_UNUSED_FUNCTION = YES;
				GCC_WARN_UNUSED_VARIABLE = YES;
				IPHONEOS_DEPLOYMENT_TARGET = 10.0;
				MTL_ENABLE_DEBUG_INFO = YES;
				ONLY_ACTIVE_ARCH = YES;
				SDKROOT = iphoneos;
				SWIFT_OBJC_BRIDGING_HEADER = "";
				SWIFT_OPTIMIZATION_LEVEL = "-Onone";
				VALIDATE_PRODUCT = NO;
			};
			name = Debug;
		};
		39968D4F1CABFFBB0085C61F /* Release */ = {
			isa = XCBuildConfiguration;
			buildSettings = {
				ALWAYS_EMBED_SWIFT_STANDARD_LIBRARIES = YES;
				ALWAYS_SEARCH_USER_PATHS = NO;
				CLANG_ANALYZER_NONNULL = YES;
				CLANG_CXX_LANGUAGE_STANDARD = "gnu++0x";
				CLANG_CXX_LIBRARY = "libc++";
				CLANG_ENABLE_MODULES = YES;
				CLANG_ENABLE_OBJC_ARC = YES;
				CLANG_WARN_BOOL_CONVERSION = YES;
				CLANG_WARN_CONSTANT_CONVERSION = YES;
				CLANG_WARN_DIRECT_OBJC_ISA_USAGE = YES_ERROR;
				CLANG_WARN_EMPTY_BODY = YES;
				CLANG_WARN_ENUM_CONVERSION = YES;
				CLANG_WARN_INFINITE_RECURSION = YES;
				CLANG_WARN_INT_CONVERSION = YES;
				CLANG_WARN_OBJC_ROOT_CLASS = YES_ERROR;
				CLANG_WARN_SUSPICIOUS_MOVE = YES;
				CLANG_WARN_UNREACHABLE_CODE = YES;
				CLANG_WARN__DUPLICATE_METHOD_MATCH = YES;
				CODE_SIGN_IDENTITY = "iPhone Distribution: nicolas laurent (G9B2LM6D3L)";
				"CODE_SIGN_IDENTITY[sdk=iphoneos*]" = "iPhone Distribution: nicolas laurent (G9B2LM6D3L)";
				COPY_PHASE_STRIP = NO;
				DEBUG_INFORMATION_FORMAT = "dwarf-with-dsym";
				ENABLE_NS_ASSERTIONS = NO;
				ENABLE_STRICT_OBJC_MSGSEND = YES;
				ENABLE_TESTABILITY = NO;
				GCC_C_LANGUAGE_STANDARD = gnu99;
				GCC_NO_COMMON_BLOCKS = YES;
				GCC_WARN_64_TO_32_BIT_CONVERSION = YES;
				GCC_WARN_ABOUT_RETURN_TYPE = YES_ERROR;
				GCC_WARN_UNDECLARED_SELECTOR = YES;
				GCC_WARN_UNINITIALIZED_AUTOS = YES_AGGRESSIVE;
				GCC_WARN_UNUSED_FUNCTION = YES;
				GCC_WARN_UNUSED_VARIABLE = YES;
				IPHONEOS_DEPLOYMENT_TARGET = 10.0;
				MTL_ENABLE_DEBUG_INFO = NO;
				PROVISIONING_PROFILE = "393ac208-fd12-49ba-9f06-e82b9bbd0158";
				SDKROOT = iphoneos;
				SWIFT_OBJC_BRIDGING_HEADER = "";
				VALIDATE_PRODUCT = NO;
			};
			name = Release;
		};
		39968D511CABFFBB0085C61F /* Debug */ = {
			isa = XCBuildConfiguration;
			baseConfigurationReference = 93153D050B7028EFD7E7B3D1 /* Pods-VegoResto.debug.xcconfig */;
			buildSettings = {
				ALWAYS_EMBED_SWIFT_STANDARD_LIBRARIES = YES;
				ASSETCATALOG_COMPILER_APPICON_NAME = AppIcon;
				CLANG_ENABLE_MODULES = YES;
				CODE_SIGN_IDENTITY = "iPhone Developer";
				"CODE_SIGN_IDENTITY[sdk=iphoneos*]" = "iPhone Developer";
				INFOPLIST_FILE = VegoResto/Info.plist;
				IPHONEOS_DEPLOYMENT_TARGET = 10.0;
				LD_RUNPATH_SEARCH_PATHS = "$(inherited) @executable_path/Frameworks";
				PRODUCT_BUNDLE_IDENTIFIER = com.NicolasLaurent.VegOresto;
				PRODUCT_NAME = "$(TARGET_NAME)";
				SWIFT_OBJC_BRIDGING_HEADER = "VegoResto/VegoResto-Bridging-Header.h";
				SWIFT_OPTIMIZATION_LEVEL = "-Onone";
				SWIFT_VERSION = 3.0;
			};
			name = Debug;
		};
		39968D521CABFFBB0085C61F /* Release */ = {
			isa = XCBuildConfiguration;
			baseConfigurationReference = F6942C8EF250C97DF4559C29 /* Pods-VegoResto.release.xcconfig */;
			buildSettings = {
				ALWAYS_EMBED_SWIFT_STANDARD_LIBRARIES = YES;
				ASSETCATALOG_COMPILER_APPICON_NAME = AppIcon;
				CLANG_ENABLE_MODULES = YES;
				CODE_SIGN_IDENTITY = "iPhone Distribution: nicolas laurent (G9B2LM6D3L)";
				"CODE_SIGN_IDENTITY[sdk=iphoneos*]" = "iPhone Developer";
				DEVELOPMENT_TEAM = "";
				INFOPLIST_FILE = VegoResto/Info.plist;
				IPHONEOS_DEPLOYMENT_TARGET = 10.0;
				LD_RUNPATH_SEARCH_PATHS = "$(inherited) @executable_path/Frameworks";
				PRODUCT_BUNDLE_IDENTIFIER = com.NicolasLaurent.VegOresto;
				PRODUCT_NAME = "$(TARGET_NAME)";
				PROVISIONING_PROFILE = "";
				PROVISIONING_PROFILE_SPECIFIER = "";
				SWIFT_OBJC_BRIDGING_HEADER = "VegoResto/VegoResto-Bridging-Header.h";
				SWIFT_OPTIMIZATION_LEVEL = "-Owholemodule";
				SWIFT_VERSION = 3.0;
			};
			name = Release;
		};
/* End XCBuildConfiguration section */

/* Begin XCConfigurationList section */
		39968D361CABFFBA0085C61F /* Build configuration list for PBXProject "VegoResto" */ = {
			isa = XCConfigurationList;
			buildConfigurations = (
				39968D4E1CABFFBB0085C61F /* Debug */,
				39968D4F1CABFFBB0085C61F /* Release */,
			);
			defaultConfigurationIsVisible = 0;
			defaultConfigurationName = Release;
		};
		39968D501CABFFBB0085C61F /* Build configuration list for PBXNativeTarget "VegoResto" */ = {
			isa = XCConfigurationList;
			buildConfigurations = (
				39968D511CABFFBB0085C61F /* Debug */,
				39968D521CABFFBB0085C61F /* Release */,
			);
			defaultConfigurationIsVisible = 0;
			defaultConfigurationName = Release;
		};
/* End XCConfigurationList section */

/* Begin XCVersionGroup section */
		39968D451CABFFBB0085C61F /* VegoResto.xcdatamodeld */ = {
			isa = XCVersionGroup;
			children = (
				39968D461CABFFBB0085C61F /* VegoResto.xcdatamodel */,
			);
			currentVersion = 39968D461CABFFBB0085C61F /* VegoResto.xcdatamodel */;
			path = VegoResto.xcdatamodeld;
			sourceTree = "<group>";
			versionGroupType = wrapper.xcdatamodel;
		};
/* End XCVersionGroup section */
	};
	rootObject = 39968D331CABFFBA0085C61F /* Project object */;
}
